# This file is autogenerated, do not edit; changes may be undone by the next 'dep ensure'.


[[projects]]
  name = "github.com/Knetic/govaluate"
  packages = ["."]
  revision = "d216395917cc49052c7c7094cf57f09657ca08a8"
  version = "v3.0.0"

[[projects]]
  branch = "master"
  name = "github.com/PuerkitoBio/goquery"
  packages = ["."]
  revision = "1a71cc719d0d5b9e4f14ae072bef08b576b0bab5"

[[projects]]
  branch = "master"
  name = "github.com/andybalholm/cascadia"
  packages = ["."]
  revision = "349dd0209470eabd9514242c688c403c0926d266"

[[projects]]
  branch = "master"
  name = "github.com/paked/messenger"
  packages = ["."]
  revision = "2a76034a052fb0af4471485c4ecb83d38573ad6a"

[[projects]]
  branch = "master"
  name = "golang.org/x/net"
  packages = ["html","html/atom"]
  revision = "4b14673ba32bee7f5ac0f990a48f033919fd418b"

[solve-meta]
  analyzer-name = "dep"
  analyzer-version = 1
  inputs-digest = "f7254670cdecc0311dce04471313ee9654261624dfcd76dec67d9e50ae32cc4f"
  solver-name = "gps-cdcl"
  solver-version = 1
