# This file is autogenerated, do not edit; changes may be undone by the next 'dep ensure'.


[[projects]]
  branch = "master"
  name = "github.com/PuerkitoBio/goquery"
  packages = ["."]
  revision = "1a71cc719d0d5b9e4f14ae072bef08b576b0bab5"

[[projects]]
  branch = "master"
  name = "github.com/andybalholm/cascadia"
  packages = ["."]
  revision = "349dd0209470eabd9514242c688c403c0926d266"

[[projects]]
  branch = "master"
  name = "github.com/paked/messenger"
  packages = ["."]
  revision = "2a76034a052fb0af4471485c4ecb83d38573ad6a"

[[projects]]
  branch = "master"
  name = "golang.org/x/net"
  packages = ["html","html/atom"]
  revision = "4b14673ba32bee7f5ac0f990a48f033919fd418b"

[solve-meta]
  analyzer-name = "dep"
  analyzer-version = 1
  inputs-digest = "801db49873bfcd8d9b2fa4cfdc725a66b7b0f933a7ec9102738c492f3ee4f742"
  solver-name = "gps-cdcl"
  solver-version = 1
